
Microsoft Visual Studio Solution File, Format Version 12.00
# Visual Studio 15
VisualStudioVersion = 15.0.26730.3
MinimumVisualStudioVersion = 10.0.40219.1
Project("{FAE04EC0-301F-11D3-BF4B-00C04F79EFBC}") = "JIT", "JIT\JIT.csproj", "{521CFF41-070F-4F34-8FB8-3CF538FC4A95}"
EndProject
Global
	GlobalSection(SolutionConfigurationPlatforms) = preSolution
		Debug|Any CPU = Debug|Any CPU
		Release|Any CPU = Release|Any CPU
	EndGlobalSection
	GlobalSection(ProjectConfigurationPlatforms) = postSolution
		{521CFF41-070F-4F34-8FB8-3CF538FC4A95}.Debug|Any CPU.ActiveCfg = Debug|Any CPU
		{521CFF41-070F-4F34-8FB8-3CF538FC4A95}.Debug|Any CPU.Build.0 = Debug|Any CPU
		{521CFF41-070F-4F34-8FB8-3CF538FC4A95}.Release|Any CPU.ActiveCfg = Release|Any CPU
		{521CFF41-070F-4F34-8FB8-3CF538FC4A95}.Release|Any CPU.Build.0 = Release|Any CPU
	EndGlobalSection
	GlobalSection(SolutionProperties) = preSolution
		HideSolutionNode = FALSE
	EndGlobalSection
	GlobalSection(ExtensibilityGlobals) = postSolution
		SolutionGuid = {C2387135-5488-44C1-B24C-C811DAF5DEC6}
	EndGlobalSection
EndGlobal
